
Microsoft Visual Studio Solution File, Format Version 12.00
# Visual Studio Version 17
VisualStudioVersion = 17.3.32922.545
MinimumVisualStudioVersion = 10.0.40219.1
Project("{FAE04EC0-301F-11D3-BF4B-00C04F79EFBC}") = "Ögrenci_Adsoyad_Sinav_Bilgisi", "Ögrenci_Adsoyad_Sinav_Bilgisi\Ögrenci_Adsoyad_Sinav_Bilgisi.csproj", "{12338776-E18D-44F3-9C56-16FD9A591EDA}"
EndProject
Global
	GlobalSection(SolutionConfigurationPlatforms) = preSolution
		Debug|Any CPU = Debug|Any CPU
		Release|Any CPU = Release|Any CPU
	EndGlobalSection
	GlobalSection(ProjectConfigurationPlatforms) = postSolution
		{12338776-E18D-44F3-9C56-16FD9A591EDA}.Debug|Any CPU.ActiveCfg = Debug|Any CPU
		{12338776-E18D-44F3-9C56-16FD9A591EDA}.Debug|Any CPU.Build.0 = Debug|Any CPU
		{12338776-E18D-44F3-9C56-16FD9A591EDA}.Release|Any CPU.ActiveCfg = Release|Any CPU
		{12338776-E18D-44F3-9C56-16FD9A591EDA}.Release|Any CPU.Build.0 = Release|Any CPU
	EndGlobalSection
	GlobalSection(SolutionProperties) = preSolution
		HideSolutionNode = FALSE
	EndGlobalSection
	GlobalSection(ExtensibilityGlobals) = postSolution
		SolutionGuid = {67E8250B-61F7-4AA5-9957-46E8DE015BBD}
	EndGlobalSection
EndGlobal
