
Microsoft Visual Studio Solution File, Format Version 12.00
# Visual Studio Version 17
VisualStudioVersion = 17.3.32922.545
MinimumVisualStudioVersion = 10.0.40219.1
Project("{FAE04EC0-301F-11D3-BF4B-00C04F79EFBC}") = "3_sayi_gir_4_islem_yap", "3_sayi_gir_4_islem_yap\3_sayi_gir_4_islem_yap.csproj", "{7803586F-B201-4411-875A-E38DF51FEA8E}"
EndProject
Global
	GlobalSection(SolutionConfigurationPlatforms) = preSolution
		Debug|Any CPU = Debug|Any CPU
		Release|Any CPU = Release|Any CPU
	EndGlobalSection
	GlobalSection(ProjectConfigurationPlatforms) = postSolution
		{7803586F-B201-4411-875A-E38DF51FEA8E}.Debug|Any CPU.ActiveCfg = Debug|Any CPU
		{7803586F-B201-4411-875A-E38DF51FEA8E}.Debug|Any CPU.Build.0 = Debug|Any CPU
		{7803586F-B201-4411-875A-E38DF51FEA8E}.Release|Any CPU.ActiveCfg = Release|Any CPU
		{7803586F-B201-4411-875A-E38DF51FEA8E}.Release|Any CPU.Build.0 = Release|Any CPU
	EndGlobalSection
	GlobalSection(SolutionProperties) = preSolution
		HideSolutionNode = FALSE
	EndGlobalSection
	GlobalSection(ExtensibilityGlobals) = postSolution
		SolutionGuid = {6F516FC6-2EF0-4938-A331-81F19FA31F08}
	EndGlobalSection
EndGlobal
