
Microsoft Visual Studio Solution File, Format Version 12.00
# Visual Studio Version 17
VisualStudioVersion = 17.3.32922.545
MinimumVisualStudioVersion = 10.0.40219.1
Project("{FAE04EC0-301F-11D3-BF4B-00C04F79EFBC}") = "Negatif_mi_Pozitif_mi", "Negatif_mi_Pozitif_mi\Negatif_mi_Pozitif_mi.csproj", "{560D3465-77CB-49CB-98C0-9292C74989A4}"
EndProject
Global
	GlobalSection(SolutionConfigurationPlatforms) = preSolution
		Debug|Any CPU = Debug|Any CPU
		Release|Any CPU = Release|Any CPU
	EndGlobalSection
	GlobalSection(ProjectConfigurationPlatforms) = postSolution
		{560D3465-77CB-49CB-98C0-9292C74989A4}.Debug|Any CPU.ActiveCfg = Debug|Any CPU
		{560D3465-77CB-49CB-98C0-9292C74989A4}.Debug|Any CPU.Build.0 = Debug|Any CPU
		{560D3465-77CB-49CB-98C0-9292C74989A4}.Release|Any CPU.ActiveCfg = Release|Any CPU
		{560D3465-77CB-49CB-98C0-9292C74989A4}.Release|Any CPU.Build.0 = Release|Any CPU
	EndGlobalSection
	GlobalSection(SolutionProperties) = preSolution
		HideSolutionNode = FALSE
	EndGlobalSection
	GlobalSection(ExtensibilityGlobals) = postSolution
		SolutionGuid = {1DC4994A-B4DA-4FB3-9145-8496C07EF8C3}
	EndGlobalSection
EndGlobal
