
Microsoft Visual Studio Solution File, Format Version 12.00
# Visual Studio Version 17
VisualStudioVersion = 17.3.32922.545
MinimumVisualStudioVersion = 10.0.40219.1
Project("{FAE04EC0-301F-11D3-BF4B-00C04F79EFBC}") = "tek_mi_cift_mi", "tek_mi_cift_mi\tek_mi_cift_mi.csproj", "{846BDA1A-C267-42B3-B313-CD96509E240C}"
EndProject
Global
	GlobalSection(SolutionConfigurationPlatforms) = preSolution
		Debug|Any CPU = Debug|Any CPU
		Release|Any CPU = Release|Any CPU
	EndGlobalSection
	GlobalSection(ProjectConfigurationPlatforms) = postSolution
		{846BDA1A-C267-42B3-B313-CD96509E240C}.Debug|Any CPU.ActiveCfg = Debug|Any CPU
		{846BDA1A-C267-42B3-B313-CD96509E240C}.Debug|Any CPU.Build.0 = Debug|Any CPU
		{846BDA1A-C267-42B3-B313-CD96509E240C}.Release|Any CPU.ActiveCfg = Release|Any CPU
		{846BDA1A-C267-42B3-B313-CD96509E240C}.Release|Any CPU.Build.0 = Release|Any CPU
	EndGlobalSection
	GlobalSection(SolutionProperties) = preSolution
		HideSolutionNode = FALSE
	EndGlobalSection
	GlobalSection(ExtensibilityGlobals) = postSolution
		SolutionGuid = {A14DDFBE-D68A-40D4-A025-0132C90BF149}
	EndGlobalSection
EndGlobal
