
Microsoft Visual Studio Solution File, Format Version 12.00
# Visual Studio Version 17
VisualStudioVersion = 17.3.32922.545
MinimumVisualStudioVersion = 10.0.40219.1
Project("{FAE04EC0-301F-11D3-BF4B-00C04F79EFBC}") = "Dijital_Saat_Yapımı", "Dijital_Saat_Yapımı\Dijital_Saat_Yapımı.csproj", "{F47C3BA0-705A-4933-90EC-2B91491B4758}"
EndProject
Global
	GlobalSection(SolutionConfigurationPlatforms) = preSolution
		Debug|Any CPU = Debug|Any CPU
		Release|Any CPU = Release|Any CPU
	EndGlobalSection
	GlobalSection(ProjectConfigurationPlatforms) = postSolution
		{F47C3BA0-705A-4933-90EC-2B91491B4758}.Debug|Any CPU.ActiveCfg = Debug|Any CPU
		{F47C3BA0-705A-4933-90EC-2B91491B4758}.Debug|Any CPU.Build.0 = Debug|Any CPU
		{F47C3BA0-705A-4933-90EC-2B91491B4758}.Release|Any CPU.ActiveCfg = Release|Any CPU
		{F47C3BA0-705A-4933-90EC-2B91491B4758}.Release|Any CPU.Build.0 = Release|Any CPU
	EndGlobalSection
	GlobalSection(SolutionProperties) = preSolution
		HideSolutionNode = FALSE
	EndGlobalSection
	GlobalSection(ExtensibilityGlobals) = postSolution
		SolutionGuid = {227CF8A0-5546-4A7D-BA8F-0A9ADEDFB895}
	EndGlobalSection
EndGlobal
