
Microsoft Visual Studio Solution File, Format Version 12.00
# Visual Studio Version 17
VisualStudioVersion = 17.3.32922.545
MinimumVisualStudioVersion = 10.0.40219.1
Project("{FAE04EC0-301F-11D3-BF4B-00C04F79EFBC}") = "int ile 4 islem", "int ile 4 islem\int ile 4 islem.csproj", "{B5953A64-05F3-4082-92F2-0B1A10C9F237}"
EndProject
Global
	GlobalSection(SolutionConfigurationPlatforms) = preSolution
		Debug|Any CPU = Debug|Any CPU
		Release|Any CPU = Release|Any CPU
	EndGlobalSection
	GlobalSection(ProjectConfigurationPlatforms) = postSolution
		{B5953A64-05F3-4082-92F2-0B1A10C9F237}.Debug|Any CPU.ActiveCfg = Debug|Any CPU
		{B5953A64-05F3-4082-92F2-0B1A10C9F237}.Debug|Any CPU.Build.0 = Debug|Any CPU
		{B5953A64-05F3-4082-92F2-0B1A10C9F237}.Release|Any CPU.ActiveCfg = Release|Any CPU
		{B5953A64-05F3-4082-92F2-0B1A10C9F237}.Release|Any CPU.Build.0 = Release|Any CPU
	EndGlobalSection
	GlobalSection(SolutionProperties) = preSolution
		HideSolutionNode = FALSE
	EndGlobalSection
	GlobalSection(ExtensibilityGlobals) = postSolution
		SolutionGuid = {F51256DF-9235-42FD-9938-41FEC0DE9DFF}
	EndGlobalSection
EndGlobal
