
Microsoft Visual Studio Solution File, Format Version 12.00
# Visual Studio Version 17
VisualStudioVersion = 17.3.32922.545
MinimumVisualStudioVersion = 10.0.40219.1
Project("{FAE04EC0-301F-11D3-BF4B-00C04F79EFBC}") = "Ikinci_Derece_Denklem_Kok_Bulma", "Ikinci_Derece_Denklem_Kok_Bulma\Ikinci_Derece_Denklem_Kok_Bulma.csproj", "{14E5F5D7-1BA1-45B7-A462-2346263185BA}"
EndProject
Global
	GlobalSection(SolutionConfigurationPlatforms) = preSolution
		Debug|Any CPU = Debug|Any CPU
		Release|Any CPU = Release|Any CPU
	EndGlobalSection
	GlobalSection(ProjectConfigurationPlatforms) = postSolution
		{14E5F5D7-1BA1-45B7-A462-2346263185BA}.Debug|Any CPU.ActiveCfg = Debug|Any CPU
		{14E5F5D7-1BA1-45B7-A462-2346263185BA}.Debug|Any CPU.Build.0 = Debug|Any CPU
		{14E5F5D7-1BA1-45B7-A462-2346263185BA}.Release|Any CPU.ActiveCfg = Release|Any CPU
		{14E5F5D7-1BA1-45B7-A462-2346263185BA}.Release|Any CPU.Build.0 = Release|Any CPU
	EndGlobalSection
	GlobalSection(SolutionProperties) = preSolution
		HideSolutionNode = FALSE
	EndGlobalSection
	GlobalSection(ExtensibilityGlobals) = postSolution
		SolutionGuid = {EB824BA5-530A-481B-B071-8FDB1A4F06FC}
	EndGlobalSection
EndGlobal
