
Microsoft Visual Studio Solution File, Format Version 12.00
# Visual Studio Version 17
VisualStudioVersion = 17.3.32922.545
MinimumVisualStudioVersion = 10.0.40219.1
Project("{FAE04EC0-301F-11D3-BF4B-00C04F79EFBC}") = "burs_ogrenme", "burs_ogrenme\burs_ogrenme.csproj", "{297B85D2-63E5-47A9-9A60-C20F8CE208FE}"
EndProject
Global
	GlobalSection(SolutionConfigurationPlatforms) = preSolution
		Debug|Any CPU = Debug|Any CPU
		Release|Any CPU = Release|Any CPU
	EndGlobalSection
	GlobalSection(ProjectConfigurationPlatforms) = postSolution
		{297B85D2-63E5-47A9-9A60-C20F8CE208FE}.Debug|Any CPU.ActiveCfg = Debug|Any CPU
		{297B85D2-63E5-47A9-9A60-C20F8CE208FE}.Debug|Any CPU.Build.0 = Debug|Any CPU
		{297B85D2-63E5-47A9-9A60-C20F8CE208FE}.Release|Any CPU.ActiveCfg = Release|Any CPU
		{297B85D2-63E5-47A9-9A60-C20F8CE208FE}.Release|Any CPU.Build.0 = Release|Any CPU
	EndGlobalSection
	GlobalSection(SolutionProperties) = preSolution
		HideSolutionNode = FALSE
	EndGlobalSection
	GlobalSection(ExtensibilityGlobals) = postSolution
		SolutionGuid = {78BF3DD4-9B61-4FD4-87FF-5D8E6D6F30F9}
	EndGlobalSection
EndGlobal
